
Microsoft Visual Studio Solution File, Format Version 12.00
# Visual Studio Version 17
VisualStudioVersion = 17.11.35312.102
MinimumVisualStudioVersion = 10.0.40219.1
Project("{9A19103F-16F7-4668-BE54-9A1E7A4F7556}") = "WeatherService.Api", "WeatherService.Api\WeatherService.Api.csproj", "{CBD840D7-FB32-4D5A-B67A-04787492F1B8}"
	ProjectSection(ProjectDependencies) = postProject
		{35F81631-DA8E-44E2-9F20-65FB5CA3C469} = {35F81631-DA8E-44E2-9F20-65FB5CA3C469}
		{83F3D12F-C07A-4147-8AAC-029AFAB18A73} = {83F3D12F-C07A-4147-8AAC-029AFAB18A73}
	EndProjectSection
EndProject
Project("{FAE04EC0-301F-11D3-BF4B-00C04F79EFBC}") = "WeatherService.Domain", "WeatherService.Domain\WeatherService.Domain.csproj", "{35F81631-DA8E-44E2-9F20-65FB5CA3C469}"
EndProject
Project("{FAE04EC0-301F-11D3-BF4B-00C04F79EFBC}") = "WeatherService.Infrastructure", "WeatherService.Infrastructure\WeatherService.Infrastructure.csproj", "{83F3D12F-C07A-4147-8AAC-029AFAB18A73}"
	ProjectSection(ProjectDependencies) = postProject
		{35F81631-DA8E-44E2-9F20-65FB5CA3C469} = {35F81631-DA8E-44E2-9F20-65FB5CA3C469}
	EndProjectSection
EndProject
Global
	GlobalSection(SolutionConfigurationPlatforms) = preSolution
		Debug|Any CPU = Debug|Any CPU
		Release|Any CPU = Release|Any CPU
	EndGlobalSection
	GlobalSection(ProjectConfigurationPlatforms) = postSolution
		{CBD840D7-FB32-4D5A-B67A-04787492F1B8}.Debug|Any CPU.ActiveCfg = Debug|Any CPU
		{CBD840D7-FB32-4D5A-B67A-04787492F1B8}.Debug|Any CPU.Build.0 = Debug|Any CPU
		{CBD840D7-FB32-4D5A-B67A-04787492F1B8}.Release|Any CPU.ActiveCfg = Release|Any CPU
		{CBD840D7-FB32-4D5A-B67A-04787492F1B8}.Release|Any CPU.Build.0 = Release|Any CPU
		{35F81631-DA8E-44E2-9F20-65FB5CA3C469}.Debug|Any CPU.ActiveCfg = Debug|Any CPU
		{35F81631-DA8E-44E2-9F20-65FB5CA3C469}.Debug|Any CPU.Build.0 = Debug|Any CPU
		{35F81631-DA8E-44E2-9F20-65FB5CA3C469}.Release|Any CPU.ActiveCfg = Release|Any CPU
		{35F81631-DA8E-44E2-9F20-65FB5CA3C469}.Release|Any CPU.Build.0 = Release|Any CPU
		{83F3D12F-C07A-4147-8AAC-029AFAB18A73}.Debug|Any CPU.ActiveCfg = Debug|Any CPU
		{83F3D12F-C07A-4147-8AAC-029AFAB18A73}.Debug|Any CPU.Build.0 = Debug|Any CPU
		{83F3D12F-C07A-4147-8AAC-029AFAB18A73}.Release|Any CPU.ActiveCfg = Release|Any CPU
		{83F3D12F-C07A-4147-8AAC-029AFAB18A73}.Release|Any CPU.Build.0 = Release|Any CPU
	EndGlobalSection
	GlobalSection(SolutionProperties) = preSolution
		HideSolutionNode = FALSE
	EndGlobalSection
	GlobalSection(ExtensibilityGlobals) = postSolution
		SolutionGuid = {87F06C03-A336-434B-9FAA-9733841129A6}
	EndGlobalSection
EndGlobal
